
Microsoft Visual Studio Solution File, Format Version 12.00
# Visual Studio Version 17
VisualStudioVersion = 17.4.33205.214
MinimumVisualStudioVersion = 10.0.40219.1
Project("{FAE04EC0-301F-11D3-BF4B-00C04F79EFBC}") = "aisopos", "aisopos\aisopos.csproj", "{47D83D93-D97C-4671-930B-8B74898CAC0D}"
EndProject
Global
	GlobalSection(SolutionConfigurationPlatforms) = preSolution
		Debug|Any CPU = Debug|Any CPU
		Release|Any CPU = Release|Any CPU
	EndGlobalSection
	GlobalSection(ProjectConfigurationPlatforms) = postSolution
		{47D83D93-D97C-4671-930B-8B74898CAC0D}.Debug|Any CPU.ActiveCfg = Debug|Any CPU
		{47D83D93-D97C-4671-930B-8B74898CAC0D}.Debug|Any CPU.Build.0 = Debug|Any CPU
		{47D83D93-D97C-4671-930B-8B74898CAC0D}.Release|Any CPU.ActiveCfg = Release|Any CPU
		{47D83D93-D97C-4671-930B-8B74898CAC0D}.Release|Any CPU.Build.0 = Release|Any CPU
	EndGlobalSection
	GlobalSection(SolutionProperties) = preSolution
		HideSolutionNode = FALSE
	EndGlobalSection
	GlobalSection(ExtensibilityGlobals) = postSolution
		SolutionGuid = {2B7894C3-F774-40A9-9A07-AFB89B70DEFC}
	EndGlobalSection
EndGlobal
